
Microsoft Visual Studio Solution File, Format Version 12.00
# Visual Studio 14
VisualStudioVersion = 14.0.25420.1
MinimumVisualStudioVersion = 10.0.40219.1
Project("{FAE04EC0-301F-11D3-BF4B-00C04F79EFBC}") = "Core", "Core\Core.csproj", "{699186C5-8CD3-4EEF-A149-665C404EB838}"
EndProject
Project("{FAE04EC0-301F-11D3-BF4B-00C04F79EFBC}") = "PathfindingWithGravity", "PathfindingWithGravity\PathfindingWithGravity.csproj", "{FE6626AF-D3CC-4801-808D-F53D13E36D58}"
EndProject
Project("{FAE04EC0-301F-11D3-BF4B-00C04F79EFBC}") = "UnityConnector", "UnityConnector\UnityConnector.csproj", "{F1F8517E-417B-4102-B697-00B18B75BDE5}"
EndProject
Global
	GlobalSection(SolutionConfigurationPlatforms) = preSolution
		Debug|Any CPU = Debug|Any CPU
		Release|Any CPU = Release|Any CPU
	EndGlobalSection
	GlobalSection(ProjectConfigurationPlatforms) = postSolution
		{699186C5-8CD3-4EEF-A149-665C404EB838}.Debug|Any CPU.ActiveCfg = Debug|Any CPU
		{699186C5-8CD3-4EEF-A149-665C404EB838}.Debug|Any CPU.Build.0 = Debug|Any CPU
		{699186C5-8CD3-4EEF-A149-665C404EB838}.Release|Any CPU.ActiveCfg = Release|Any CPU
		{699186C5-8CD3-4EEF-A149-665C404EB838}.Release|Any CPU.Build.0 = Release|Any CPU
		{FE6626AF-D3CC-4801-808D-F53D13E36D58}.Debug|Any CPU.ActiveCfg = Debug|Any CPU
		{FE6626AF-D3CC-4801-808D-F53D13E36D58}.Debug|Any CPU.Build.0 = Debug|Any CPU
		{FE6626AF-D3CC-4801-808D-F53D13E36D58}.Release|Any CPU.ActiveCfg = Release|Any CPU
		{FE6626AF-D3CC-4801-808D-F53D13E36D58}.Release|Any CPU.Build.0 = Release|Any CPU
		{F1F8517E-417B-4102-B697-00B18B75BDE5}.Debug|Any CPU.ActiveCfg = Debug|Any CPU
		{F1F8517E-417B-4102-B697-00B18B75BDE5}.Debug|Any CPU.Build.0 = Debug|Any CPU
		{F1F8517E-417B-4102-B697-00B18B75BDE5}.Release|Any CPU.ActiveCfg = Release|Any CPU
		{F1F8517E-417B-4102-B697-00B18B75BDE5}.Release|Any CPU.Build.0 = Release|Any CPU
	EndGlobalSection
	GlobalSection(SolutionProperties) = preSolution
		HideSolutionNode = FALSE
	EndGlobalSection
EndGlobal
